
Microsoft Visual Studio Solution File, Format Version 12.00
# Visual Studio Version 16
VisualStudioVersion = 16.0.29728.190
MinimumVisualStudioVersion = 10.0.40219.1
Project("{FAE04EC0-301F-11D3-BF4B-00C04F79EFBC}") = "DuplicateEncoder", "DuplicateEncoder\DuplicateEncoder.csproj", "{237DAA6F-112E-44A9-8B3A-0235B9CE8ED2}"
EndProject
Project("{FAE04EC0-301F-11D3-BF4B-00C04F79EFBC}") = "PlayingWithDigits", "PlayingWithDigits\PlayingWithDigits.csproj", "{10C28A54-C75B-4F34-9CFA-E18883302721}"
EndProject
Project("{FAE04EC0-301F-11D3-BF4B-00C04F79EFBC}") = "PersistentBugger", "PersistentBugger\PersistentBugger.csproj", "{70F8E31A-88B5-45E3-897F-F5BECC83DF88}"
EndProject
Global
	GlobalSection(SolutionConfigurationPlatforms) = preSolution
		Debug|Any CPU = Debug|Any CPU
		Release|Any CPU = Release|Any CPU
	EndGlobalSection
	GlobalSection(ProjectConfigurationPlatforms) = postSolution
		{237DAA6F-112E-44A9-8B3A-0235B9CE8ED2}.Debug|Any CPU.ActiveCfg = Debug|Any CPU
		{237DAA6F-112E-44A9-8B3A-0235B9CE8ED2}.Debug|Any CPU.Build.0 = Debug|Any CPU
		{237DAA6F-112E-44A9-8B3A-0235B9CE8ED2}.Release|Any CPU.ActiveCfg = Release|Any CPU
		{237DAA6F-112E-44A9-8B3A-0235B9CE8ED2}.Release|Any CPU.Build.0 = Release|Any CPU
		{10C28A54-C75B-4F34-9CFA-E18883302721}.Debug|Any CPU.ActiveCfg = Debug|Any CPU
		{10C28A54-C75B-4F34-9CFA-E18883302721}.Debug|Any CPU.Build.0 = Debug|Any CPU
		{10C28A54-C75B-4F34-9CFA-E18883302721}.Release|Any CPU.ActiveCfg = Release|Any CPU
		{10C28A54-C75B-4F34-9CFA-E18883302721}.Release|Any CPU.Build.0 = Release|Any CPU
		{70F8E31A-88B5-45E3-897F-F5BECC83DF88}.Debug|Any CPU.ActiveCfg = Debug|Any CPU
		{70F8E31A-88B5-45E3-897F-F5BECC83DF88}.Debug|Any CPU.Build.0 = Debug|Any CPU
		{70F8E31A-88B5-45E3-897F-F5BECC83DF88}.Release|Any CPU.ActiveCfg = Release|Any CPU
		{70F8E31A-88B5-45E3-897F-F5BECC83DF88}.Release|Any CPU.Build.0 = Release|Any CPU
	EndGlobalSection
	GlobalSection(SolutionProperties) = preSolution
		HideSolutionNode = FALSE
	EndGlobalSection
	GlobalSection(ExtensibilityGlobals) = postSolution
		SolutionGuid = {54451A34-9FD6-4CF7-818D-7918448534ED}
	EndGlobalSection
EndGlobal
